
Microsoft Visual Studio Solution File, Format Version 12.00
# Visual Studio Version 17
VisualStudioVersion = 17.11.35327.3
MinimumVisualStudioVersion = 10.0.40219.1
Project("{FAE04EC0-301F-11D3-BF4B-00C04F79EFBC}") = "spyserv-client", "spyserv-client\spyserv-client.csproj", "{49BDB9E4-1FA5-42A8-ADEE-BC276CB7A0D6}"
EndProject
Project("{FAE04EC0-301F-11D3-BF4B-00C04F79EFBC}") = "spyserv-c-api", "spyserv-c-api\spyserv-c-api.csproj", "{20DFF08F-5505-41A7-9762-5B770ACAB377}"
EndProject
Global
	GlobalSection(SolutionConfigurationPlatforms) = preSolution
		Debug|Any CPU = Debug|Any CPU
		Release|Any CPU = Release|Any CPU
	EndGlobalSection
	GlobalSection(ProjectConfigurationPlatforms) = postSolution
		{49BDB9E4-1FA5-42A8-ADEE-BC276CB7A0D6}.Debug|Any CPU.ActiveCfg = Debug|Any CPU
		{49BDB9E4-1FA5-42A8-ADEE-BC276CB7A0D6}.Debug|Any CPU.Build.0 = Debug|Any CPU
		{49BDB9E4-1FA5-42A8-ADEE-BC276CB7A0D6}.Release|Any CPU.ActiveCfg = Release|Any CPU
		{49BDB9E4-1FA5-42A8-ADEE-BC276CB7A0D6}.Release|Any CPU.Build.0 = Release|Any CPU
		{20DFF08F-5505-41A7-9762-5B770ACAB377}.Debug|Any CPU.ActiveCfg = Debug|Any CPU
		{20DFF08F-5505-41A7-9762-5B770ACAB377}.Debug|Any CPU.Build.0 = Debug|Any CPU
		{20DFF08F-5505-41A7-9762-5B770ACAB377}.Release|Any CPU.ActiveCfg = Release|Any CPU
		{20DFF08F-5505-41A7-9762-5B770ACAB377}.Release|Any CPU.Build.0 = Release|Any CPU
	EndGlobalSection
	GlobalSection(SolutionProperties) = preSolution
		HideSolutionNode = FALSE
	EndGlobalSection
	GlobalSection(ExtensibilityGlobals) = postSolution
		SolutionGuid = {06747EFC-2828-4330-A228-E963CA4C1B82}
	EndGlobalSection
EndGlobal
